
Microsoft Visual Studio Solution File, Format Version 12.00
# Visual Studio 2012
Project("{FAE04EC0-301F-11D3-BF4B-00C04F79EFBC}") = "RockPaperScissors.ConsoleApp", "RockPaperScissors.Console\RockPaperScissors.ConsoleApp.csproj", "{01568877-E44F-433F-875C-181137B4BC41}"
EndProject
Project("{FAE04EC0-301F-11D3-BF4B-00C04F79EFBC}") = "RPSGameLogic", "RPSGameLogic\RPSGameLogic.csproj", "{7FB3D7C1-1590-4037-9C2D-EF781B1CA7D5}"
EndProject
Project("{FAE04EC0-301F-11D3-BF4B-00C04F79EFBC}") = "RPSGameLogic.Test", "RPSGameLogic.Test\RPSGameLogic.Test.csproj", "{94026EAD-BBE6-4F07-9349-1BE9097A9166}"
EndProject
Project("{2150E333-8FDC-42A3-9474-1A3956D46DE8}") = "1. Presentation Layer", "1. Presentation Layer", "{F7BF5673-4784-4844-A6E1-5830A78AD9DC}"
EndProject
Project("{2150E333-8FDC-42A3-9474-1A3956D46DE8}") = "3. Business Layer", "3. Business Layer", "{FF8202F7-265E-4F9B-BE7B-A08C1571E201}"
EndProject
Project("{2150E333-8FDC-42A3-9474-1A3956D46DE8}") = "Concole", "Concole", "{7ECB51C1-2F52-47A4-B289-76AEE4057261}"
EndProject
Project("{2150E333-8FDC-42A3-9474-1A3956D46DE8}") = "MVC", "MVC", "{477A620A-0B58-40FB-A47F-9F63EEA5A3D1}"
EndProject
Project("{FAE04EC0-301F-11D3-BF4B-00C04F79EFBC}") = "RockPaperScissors.Web", "RockPaperScissors.Web\RockPaperScissors.Web.csproj", "{54562B1C-F497-4F0F-A3A5-3800B2129690}"
EndProject
Project("{FAE04EC0-301F-11D3-BF4B-00C04F79EFBC}") = "RockPaperScissors.Web.Tests", "RockPaperScissors.Web.Tests\RockPaperScissors.Web.Tests.csproj", "{EF56B010-BCF7-4D42-A340-74D0F3862782}"
EndProject
Project("{2150E333-8FDC-42A3-9474-1A3956D46DE8}") = "2. Games Layer", "2. Games Layer", "{7747D677-054E-4AA1-A27E-5826CC7DC814}"
EndProject
Project("{FAE04EC0-301F-11D3-BF4B-00C04F79EFBC}") = "RockPaperScissors", "RockPaperScissors\RockPaperScissors.csproj", "{AC881473-CB2F-4235-94CD-F635A9AC7C51}"
EndProject
Project("{FAE04EC0-301F-11D3-BF4B-00C04F79EFBC}") = "RockPaperScissors.Test", "RockPaperScissors.Test\RockPaperScissors.Test.csproj", "{1D159D6B-8A0F-422B-BE70-0F918FCD7EB7}"
EndProject
Global
	GlobalSection(SolutionConfigurationPlatforms) = preSolution
		Debug|Any CPU = Debug|Any CPU
		Release|Any CPU = Release|Any CPU
	EndGlobalSection
	GlobalSection(ProjectConfigurationPlatforms) = postSolution
		{01568877-E44F-433F-875C-181137B4BC41}.Debug|Any CPU.ActiveCfg = Debug|Any CPU
		{01568877-E44F-433F-875C-181137B4BC41}.Debug|Any CPU.Build.0 = Debug|Any CPU
		{01568877-E44F-433F-875C-181137B4BC41}.Release|Any CPU.ActiveCfg = Release|Any CPU
		{01568877-E44F-433F-875C-181137B4BC41}.Release|Any CPU.Build.0 = Release|Any CPU
		{7FB3D7C1-1590-4037-9C2D-EF781B1CA7D5}.Debug|Any CPU.ActiveCfg = Debug|Any CPU
		{7FB3D7C1-1590-4037-9C2D-EF781B1CA7D5}.Debug|Any CPU.Build.0 = Debug|Any CPU
		{7FB3D7C1-1590-4037-9C2D-EF781B1CA7D5}.Release|Any CPU.ActiveCfg = Release|Any CPU
		{7FB3D7C1-1590-4037-9C2D-EF781B1CA7D5}.Release|Any CPU.Build.0 = Release|Any CPU
		{94026EAD-BBE6-4F07-9349-1BE9097A9166}.Debug|Any CPU.ActiveCfg = Debug|Any CPU
		{94026EAD-BBE6-4F07-9349-1BE9097A9166}.Debug|Any CPU.Build.0 = Debug|Any CPU
		{94026EAD-BBE6-4F07-9349-1BE9097A9166}.Release|Any CPU.ActiveCfg = Release|Any CPU
		{94026EAD-BBE6-4F07-9349-1BE9097A9166}.Release|Any CPU.Build.0 = Release|Any CPU
		{54562B1C-F497-4F0F-A3A5-3800B2129690}.Debug|Any CPU.ActiveCfg = Debug|Any CPU
		{54562B1C-F497-4F0F-A3A5-3800B2129690}.Debug|Any CPU.Build.0 = Debug|Any CPU
		{54562B1C-F497-4F0F-A3A5-3800B2129690}.Release|Any CPU.ActiveCfg = Release|Any CPU
		{54562B1C-F497-4F0F-A3A5-3800B2129690}.Release|Any CPU.Build.0 = Release|Any CPU
		{EF56B010-BCF7-4D42-A340-74D0F3862782}.Debug|Any CPU.ActiveCfg = Debug|Any CPU
		{EF56B010-BCF7-4D42-A340-74D0F3862782}.Debug|Any CPU.Build.0 = Debug|Any CPU
		{EF56B010-BCF7-4D42-A340-74D0F3862782}.Release|Any CPU.ActiveCfg = Release|Any CPU
		{EF56B010-BCF7-4D42-A340-74D0F3862782}.Release|Any CPU.Build.0 = Release|Any CPU
		{AC881473-CB2F-4235-94CD-F635A9AC7C51}.Debug|Any CPU.ActiveCfg = Debug|Any CPU
		{AC881473-CB2F-4235-94CD-F635A9AC7C51}.Debug|Any CPU.Build.0 = Debug|Any CPU
		{AC881473-CB2F-4235-94CD-F635A9AC7C51}.Release|Any CPU.ActiveCfg = Release|Any CPU
		{AC881473-CB2F-4235-94CD-F635A9AC7C51}.Release|Any CPU.Build.0 = Release|Any CPU
		{1D159D6B-8A0F-422B-BE70-0F918FCD7EB7}.Debug|Any CPU.ActiveCfg = Debug|Any CPU
		{1D159D6B-8A0F-422B-BE70-0F918FCD7EB7}.Debug|Any CPU.Build.0 = Debug|Any CPU
		{1D159D6B-8A0F-422B-BE70-0F918FCD7EB7}.Release|Any CPU.ActiveCfg = Release|Any CPU
		{1D159D6B-8A0F-422B-BE70-0F918FCD7EB7}.Release|Any CPU.Build.0 = Release|Any CPU
	EndGlobalSection
	GlobalSection(SolutionProperties) = preSolution
		HideSolutionNode = FALSE
	EndGlobalSection
	GlobalSection(NestedProjects) = preSolution
		{7ECB51C1-2F52-47A4-B289-76AEE4057261} = {F7BF5673-4784-4844-A6E1-5830A78AD9DC}
		{477A620A-0B58-40FB-A47F-9F63EEA5A3D1} = {F7BF5673-4784-4844-A6E1-5830A78AD9DC}
		{94026EAD-BBE6-4F07-9349-1BE9097A9166} = {FF8202F7-265E-4F9B-BE7B-A08C1571E201}
		{7FB3D7C1-1590-4037-9C2D-EF781B1CA7D5} = {FF8202F7-265E-4F9B-BE7B-A08C1571E201}
		{01568877-E44F-433F-875C-181137B4BC41} = {7ECB51C1-2F52-47A4-B289-76AEE4057261}
		{54562B1C-F497-4F0F-A3A5-3800B2129690} = {477A620A-0B58-40FB-A47F-9F63EEA5A3D1}
		{EF56B010-BCF7-4D42-A340-74D0F3862782} = {477A620A-0B58-40FB-A47F-9F63EEA5A3D1}
		{AC881473-CB2F-4235-94CD-F635A9AC7C51} = {7747D677-054E-4AA1-A27E-5826CC7DC814}
		{1D159D6B-8A0F-422B-BE70-0F918FCD7EB7} = {7747D677-054E-4AA1-A27E-5826CC7DC814}
	EndGlobalSection
EndGlobal
